{
  "version": 4,
  "terraform_version": "1.2.7",
  "serial": 12,
  "lineage": "0d6143d0-1b22-df0a-e320-1b96360f8d72",
  "outputs": {},
  "resources": [
    {
      "mode": "managed",
      "type": "docker_container",
      "name": "spring-kubernetes",
      "provider": "provider[\"registry.terraform.io/kreuzwerker/docker\"]",
      "instances": []
    },
    {
      "mode": "managed",
      "type": "docker_image",
      "name": "spring-kubernetes",
      "provider": "provider[\"registry.terraform.io/kreuzwerker/docker\"]",
      "instances": [
        {
          "schema_version": 0,
          "attributes": {
            "build": [],
            "force_remove": null,
            "id": "sha256:367f40707b9846c87e7d820144f1fc713d53176b3b3a5b2d71f7f25ea81398b6imajeetyadav/spring-kubernetes",
            "keep_locally": false,
            "latest": "sha256:367f40707b9846c87e7d820144f1fc713d53176b3b3a5b2d71f7f25ea81398b6",
            "name": "imajeetyadav/spring-kubernetes",
            "output": null,
            "pull_trigger": null,
            "pull_triggers": null,
            "repo_digest": "imajeetyadav/spring-kubernetes@sha256:5db4e36bef2a2cdf5c0aaa4e1f078ee3998ab82c18ab8ec8fdc0ebda6644862d"
          },
          "sensitive_attributes": [],
          "private": "bnVsbA=="
        }
      ]
    }
  ]
}
